
Microsoft Visual Studio Solution File, Format Version 12.00
# Visual Studio Version 17
VisualStudioVersion = 17.4.33205.214
MinimumVisualStudioVersion = 10.0.40219.1
Project("{FAE04EC0-301F-11D3-BF4B-00C04F79EFBC}") = "AddressGenerator", "AddressGenerator\AddressGenerator.csproj", "{87FCEFAB-EF85-4E9E-B294-DA119C138B0A}"
EndProject
Global
	GlobalSection(SolutionConfigurationPlatforms) = preSolution
		Debug|Any CPU = Debug|Any CPU
		Release|Any CPU = Release|Any CPU
	EndGlobalSection
	GlobalSection(ProjectConfigurationPlatforms) = postSolution
		{87FCEFAB-EF85-4E9E-B294-DA119C138B0A}.Debug|Any CPU.ActiveCfg = Debug|Any CPU
		{87FCEFAB-EF85-4E9E-B294-DA119C138B0A}.Debug|Any CPU.Build.0 = Debug|Any CPU
		{87FCEFAB-EF85-4E9E-B294-DA119C138B0A}.Release|Any CPU.ActiveCfg = Release|Any CPU
		{87FCEFAB-EF85-4E9E-B294-DA119C138B0A}.Release|Any CPU.Build.0 = Release|Any CPU
	EndGlobalSection
	GlobalSection(SolutionProperties) = preSolution
		HideSolutionNode = FALSE
	EndGlobalSection
	GlobalSection(ExtensibilityGlobals) = postSolution
		SolutionGuid = {9ED38A96-2746-47AD-889B-5DE3D7079590}
	EndGlobalSection
EndGlobal
